
Microsoft Visual Studio Solution File, Format Version 12.00
# Visual Studio Version 17
VisualStudioVersion = 17.14.36414.22
MinimumVisualStudioVersion = 10.0.40219.1
Project("{2150E333-8FDC-42A3-9474-1A3956D46DE8}") = "Task0", "Task0", "{02EA681E-C7D8-13C7-8484-4AC65E1B71E8}"
EndProject
Project("{FAE04EC0-301F-11D3-BF4B-00C04F79EFBC}") = "Tyuiu.AntonovDI.Sprin0.Task0.V0", "Tyuiu.AntonovDI.Sprin0.Task0.V0\Tyuiu.AntonovDI.Sprin0.Task0.V0.csproj", "{DBED0159-EB75-4522-AF23-D2C44176DBCD}"
EndProject
Project("{2150E333-8FDC-42A3-9474-1A3956D46DE8}") = "Task1", "Task1", "{C65F8A9A-A826-499A-B75D-16F3AC003975}"
EndProject
Project("{FAE04EC0-301F-11D3-BF4B-00C04F79EFBC}") = "Tyuiu.AntonovDI.Sprint0.Task1.V0", "Tyuiu.AntonovDI.Sprint0.Task1.V0\Tyuiu.AntonovDI.Sprint0.Task1.V0.csproj", "{ED1C7EA3-D23B-4012-AFC8-5EC882242008}"
EndProject
Project("{2150E333-8FDC-42A3-9474-1A3956D46DE8}") = "Task2", "Task2", "{32554F9B-A313-4A25-8CCA-2880C2050A83}"
EndProject
Project("{FAE04EC0-301F-11D3-BF4B-00C04F79EFBC}") = "Tyuiu.AntonovDI.Sprint0.Task2.V0", "Tyuiu.AntonovDI.Sprint0.Task2.V0\Tyuiu.AntonovDI.Sprint0.Task2.V0.csproj", "{B3DF730D-04B8-4531-B595-AA167974838A}"
EndProject
Project("{FAE04EC0-301F-11D3-BF4B-00C04F79EFBC}") = "Tyuiu.AntonovDI.Sprint0.Task2.V0.Lib", "Tyuiu.AntonovDI.Sprint0.Task2.V0.Lib\Tyuiu.AntonovDI.Sprint0.Task2.V0.Lib.csproj", "{4B2E81F9-2458-4EB7-88FE-2710D3B5C859}"
EndProject
Project("{FAE04EC0-301F-11D3-BF4B-00C04F79EFBC}") = "Tyuiu.AntonovDI.Sprint0.Task2.V0.Test", "Tyuiu.AntonovDI.Sprint0.Task2.V0.Test\Tyuiu.AntonovDI.Sprint0.Task2.V0.Test.csproj", "{86D151BC-28AB-40D8-AD3A-89302B5169C4}"
EndProject
Project("{2150E333-8FDC-42A3-9474-1A3956D46DE8}") = "Task3", "Task3", "{B021C44D-7D47-42F2-8638-3413F10452A3}"
EndProject
Project("{FAE04EC0-301F-11D3-BF4B-00C04F79EFBC}") = "Tyuiu.AntonovDI.Sprint0.Task3.V0", "Tyuiu.AntonovDI.Sprint0.Task3.V0\Tyuiu.AntonovDI.Sprint0.Task3.V0.csproj", "{726530EB-9D41-451F-91EC-60CBCE74CB93}"
EndProject
Project("{FAE04EC0-301F-11D3-BF4B-00C04F79EFBC}") = "Tyuiu.AntonovDI.Sprint0.Task3.V0.Lib", "Tyuiu.AntonovDI.Sprint0.Task3.V0.Lib\Tyuiu.AntonovDI.Sprint0.Task3.V0.Lib.csproj", "{0A8265AC-7045-4F53-B91F-379BF9C5E8A8}"
EndProject
Project("{FAE04EC0-301F-11D3-BF4B-00C04F79EFBC}") = "Tyuiu.AntonovDI.Sprint0.Task3.V0.Test", "Tyuiu.AntonovDI.Sprint0.Task3.V0.Test\Tyuiu.AntonovDI.Sprint0.Task3.V0.Test.csproj", "{13C71414-8CDD-49BA-A412-3F14952D93FC}"
EndProject
Project("{2150E333-8FDC-42A3-9474-1A3956D46DE8}") = "Task4", "Task4", "{CFCC1371-7571-4EC4-A7EB-C04075605D42}"
EndProject
Project("{FAE04EC0-301F-11D3-BF4B-00C04F79EFBC}") = "Tyuiu.AntonovDI.Sprint0.Task4.V0", "Tyuiu.AntonovDI.Sprint0.Task4.V0\Tyuiu.AntonovDI.Sprint0.Task4.V0.csproj", "{BD03C7FC-A13A-40F4-99FF-4ED77F0A55B8}"
EndProject
Project("{FAE04EC0-301F-11D3-BF4B-00C04F79EFBC}") = "Tyuiu.AntonovDI.Sprint0.Task4.V0.Lib", "Tyuiu.AntonovDI.Sprint0.Task4.V0.Lib\Tyuiu.AntonovDI.Sprint0.Task4.V0.Lib.csproj", "{AFBAEF64-4624-4C65-8E24-25C8ABEBAFD5}"
EndProject
Project("{FAE04EC0-301F-11D3-BF4B-00C04F79EFBC}") = "Tyuiu.AntonovDI.Sprint0.Task4.V0.Test", "TestProject1\Tyuiu.AntonovDI.Sprint0.Task4.V0.Test.csproj", "{4FF786EE-3011-4F90-B988-CC61770F6D2C}"
EndProject
Project("{2150E333-8FDC-42A3-9474-1A3956D46DE8}") = "Task5", "Task5", "{419F6F43-13AC-4D02-B840-69D2AA5A6B9D}"
EndProject
Project("{FAE04EC0-301F-11D3-BF4B-00C04F79EFBC}") = "Tyuiu.AntonovDI.Sprint0.Task5.V0", "Tyuiu.AntonovDI.Sprint0.Task5.V0\Tyuiu.AntonovDI.Sprint0.Task5.V0.csproj", "{B78FABC1-6D26-4040-9725-9F7C96C41AC6}"
EndProject
Project("{FAE04EC0-301F-11D3-BF4B-00C04F79EFBC}") = "Tyuiu.AntonovDI.Sprint0.Task5.V0.Lib", "Tyuiu.AntonovDI.Sprint0.Task5.V0.Lib\Tyuiu.AntonovDI.Sprint0.Task5.V0.Lib.csproj", "{E0E4981A-982D-4E32-B6AB-E2447F1A7AF8}"
EndProject
Project("{FAE04EC0-301F-11D3-BF4B-00C04F79EFBC}") = "Tyuiu.AntonovDI.Sprint0.Task5.V0.Test", "Tyuiu.AntonovDI.Sprint0.Task5.V0.Test\Tyuiu.AntonovDI.Sprint0.Task5.V0.Test.csproj", "{6EB76E1B-EACC-47EF-91C8-3F1BCDCDF57F}"
EndProject
Project("{2150E333-8FDC-42A3-9474-1A3956D46DE8}") = "Task6", "Task6", "{121AE24A-6C2B-455C-8CD8-1D1CAC0BA062}"
EndProject
Project("{FAE04EC0-301F-11D3-BF4B-00C04F79EFBC}") = "Tyuiu.AntonovDI.Sprint0.Task6.V0", "Tyuiu.AntonovDI.Sprint0.Task6.V0\Tyuiu.AntonovDI.Sprint0.Task6.V0.csproj", "{709C64C3-B8B5-4C49-9B52-10451A203773}"
EndProject
Project("{FAE04EC0-301F-11D3-BF4B-00C04F79EFBC}") = "Tyuiu.AntonovDI.Sprint0.Task6.V0.Lib", "Tyuiu.AntonovDI.Sprint0.Task6.V0.Lib\Tyuiu.AntonovDI.Sprint0.Task6.V0.Lib.csproj", "{EFF37ED8-2625-4DDE-8F7C-16984597BC3E}"
EndProject
Project("{FAE04EC0-301F-11D3-BF4B-00C04F79EFBC}") = "Tyuiu.AntonovDI.Sprint0.Task6.V0.Test", "Tyuiu.AntonovDI.Sprint0.Task6.V0.Test\Tyuiu.AntonovDI.Sprint0.Task6.V0.Test.csproj", "{DF5EF187-34F2-4124-A6CC-AE15472E7F54}"
EndProject
Project("{2150E333-8FDC-42A3-9474-1A3956D46DE8}") = "Task7", "Task7", "{7729F08A-5888-4636-9F23-6DB0D9A69EFC}"
EndProject
Project("{FAE04EC0-301F-11D3-BF4B-00C04F79EFBC}") = "Tyuiu.AntonovDI.Sprint0.Task7.V0", "Tyuiu.AntonovDi.Sprint0.Task7.V0\Tyuiu.AntonovDI.Sprint0.Task7.V0.csproj", "{BFCDD0F1-D9B4-4F00-B774-69662B2959BB}"
EndProject
Project("{FAE04EC0-301F-11D3-BF4B-00C04F79EFBC}") = "Tyuiu.AntonovDI.Sprint0.Task7.V0.Lib", "Tyuiu.AntonovDi.Sprint0.Task7.V0.Lib\Tyuiu.AntonovDI.Sprint0.Task7.V0.Lib.csproj", "{EB1B2D34-529A-49C3-9443-2B5A115D8709}"
EndProject
Project("{FAE04EC0-301F-11D3-BF4B-00C04F79EFBC}") = "Tyuiu.AntonovDI.Sprint0.Task7.V0.Test", "Tyuiu.AntonovDi.Sprint0.Task7.V0.Test\Tyuiu.AntonovDI.Sprint0.Task7.V0.Test.csproj", "{E455E439-EAC3-4E61-8056-923EDC9368CA}"
EndProject
Global
	GlobalSection(SolutionConfigurationPlatforms) = preSolution
		Debug|Any CPU = Debug|Any CPU
		Release|Any CPU = Release|Any CPU
	EndGlobalSection
	GlobalSection(ProjectConfigurationPlatforms) = postSolution
		{DBED0159-EB75-4522-AF23-D2C44176DBCD}.Debug|Any CPU.ActiveCfg = Debug|Any CPU
		{DBED0159-EB75-4522-AF23-D2C44176DBCD}.Debug|Any CPU.Build.0 = Debug|Any CPU
		{DBED0159-EB75-4522-AF23-D2C44176DBCD}.Release|Any CPU.ActiveCfg = Release|Any CPU
		{DBED0159-EB75-4522-AF23-D2C44176DBCD}.Release|Any CPU.Build.0 = Release|Any CPU
		{ED1C7EA3-D23B-4012-AFC8-5EC882242008}.Debug|Any CPU.ActiveCfg = Debug|Any CPU
		{ED1C7EA3-D23B-4012-AFC8-5EC882242008}.Debug|Any CPU.Build.0 = Debug|Any CPU
		{ED1C7EA3-D23B-4012-AFC8-5EC882242008}.Release|Any CPU.ActiveCfg = Release|Any CPU
		{ED1C7EA3-D23B-4012-AFC8-5EC882242008}.Release|Any CPU.Build.0 = Release|Any CPU
		{B3DF730D-04B8-4531-B595-AA167974838A}.Debug|Any CPU.ActiveCfg = Debug|Any CPU
		{B3DF730D-04B8-4531-B595-AA167974838A}.Debug|Any CPU.Build.0 = Debug|Any CPU
		{B3DF730D-04B8-4531-B595-AA167974838A}.Release|Any CPU.ActiveCfg = Release|Any CPU
		{B3DF730D-04B8-4531-B595-AA167974838A}.Release|Any CPU.Build.0 = Release|Any CPU
		{4B2E81F9-2458-4EB7-88FE-2710D3B5C859}.Debug|Any CPU.ActiveCfg = Debug|Any CPU
		{4B2E81F9-2458-4EB7-88FE-2710D3B5C859}.Debug|Any CPU.Build.0 = Debug|Any CPU
		{4B2E81F9-2458-4EB7-88FE-2710D3B5C859}.Release|Any CPU.ActiveCfg = Release|Any CPU
		{4B2E81F9-2458-4EB7-88FE-2710D3B5C859}.Release|Any CPU.Build.0 = Release|Any CPU
		{86D151BC-28AB-40D8-AD3A-89302B5169C4}.Debug|Any CPU.ActiveCfg = Debug|Any CPU
		{86D151BC-28AB-40D8-AD3A-89302B5169C4}.Debug|Any CPU.Build.0 = Debug|Any CPU
		{86D151BC-28AB-40D8-AD3A-89302B5169C4}.Release|Any CPU.ActiveCfg = Release|Any CPU
		{86D151BC-28AB-40D8-AD3A-89302B5169C4}.Release|Any CPU.Build.0 = Release|Any CPU
		{726530EB-9D41-451F-91EC-60CBCE74CB93}.Debug|Any CPU.ActiveCfg = Debug|Any CPU
		{726530EB-9D41-451F-91EC-60CBCE74CB93}.Debug|Any CPU.Build.0 = Debug|Any CPU
		{726530EB-9D41-451F-91EC-60CBCE74CB93}.Release|Any CPU.ActiveCfg = Release|Any CPU
		{726530EB-9D41-451F-91EC-60CBCE74CB93}.Release|Any CPU.Build.0 = Release|Any CPU
		{0A8265AC-7045-4F53-B91F-379BF9C5E8A8}.Debug|Any CPU.ActiveCfg = Debug|Any CPU
		{0A8265AC-7045-4F53-B91F-379BF9C5E8A8}.Debug|Any CPU.Build.0 = Debug|Any CPU
		{0A8265AC-7045-4F53-B91F-379BF9C5E8A8}.Release|Any CPU.ActiveCfg = Release|Any CPU
		{0A8265AC-7045-4F53-B91F-379BF9C5E8A8}.Release|Any CPU.Build.0 = Release|Any CPU
		{13C71414-8CDD-49BA-A412-3F14952D93FC}.Debug|Any CPU.ActiveCfg = Debug|Any CPU
		{13C71414-8CDD-49BA-A412-3F14952D93FC}.Debug|Any CPU.Build.0 = Debug|Any CPU
		{13C71414-8CDD-49BA-A412-3F14952D93FC}.Release|Any CPU.ActiveCfg = Release|Any CPU
		{13C71414-8CDD-49BA-A412-3F14952D93FC}.Release|Any CPU.Build.0 = Release|Any CPU
		{BD03C7FC-A13A-40F4-99FF-4ED77F0A55B8}.Debug|Any CPU.ActiveCfg = Debug|Any CPU
		{BD03C7FC-A13A-40F4-99FF-4ED77F0A55B8}.Debug|Any CPU.Build.0 = Debug|Any CPU
		{BD03C7FC-A13A-40F4-99FF-4ED77F0A55B8}.Release|Any CPU.ActiveCfg = Release|Any CPU
		{BD03C7FC-A13A-40F4-99FF-4ED77F0A55B8}.Release|Any CPU.Build.0 = Release|Any CPU
		{AFBAEF64-4624-4C65-8E24-25C8ABEBAFD5}.Debug|Any CPU.ActiveCfg = Debug|Any CPU
		{AFBAEF64-4624-4C65-8E24-25C8ABEBAFD5}.Debug|Any CPU.Build.0 = Debug|Any CPU
		{AFBAEF64-4624-4C65-8E24-25C8ABEBAFD5}.Release|Any CPU.ActiveCfg = Release|Any CPU
		{AFBAEF64-4624-4C65-8E24-25C8ABEBAFD5}.Release|Any CPU.Build.0 = Release|Any CPU
		{4FF786EE-3011-4F90-B988-CC61770F6D2C}.Debug|Any CPU.ActiveCfg = Debug|Any CPU
		{4FF786EE-3011-4F90-B988-CC61770F6D2C}.Debug|Any CPU.Build.0 = Debug|Any CPU
		{4FF786EE-3011-4F90-B988-CC61770F6D2C}.Release|Any CPU.ActiveCfg = Release|Any CPU
		{4FF786EE-3011-4F90-B988-CC61770F6D2C}.Release|Any CPU.Build.0 = Release|Any CPU
		{B78FABC1-6D26-4040-9725-9F7C96C41AC6}.Debug|Any CPU.ActiveCfg = Debug|Any CPU
		{B78FABC1-6D26-4040-9725-9F7C96C41AC6}.Debug|Any CPU.Build.0 = Debug|Any CPU
		{B78FABC1-6D26-4040-9725-9F7C96C41AC6}.Release|Any CPU.ActiveCfg = Release|Any CPU
		{B78FABC1-6D26-4040-9725-9F7C96C41AC6}.Release|Any CPU.Build.0 = Release|Any CPU
		{E0E4981A-982D-4E32-B6AB-E2447F1A7AF8}.Debug|Any CPU.ActiveCfg = Debug|Any CPU
		{E0E4981A-982D-4E32-B6AB-E2447F1A7AF8}.Debug|Any CPU.Build.0 = Debug|Any CPU
		{E0E4981A-982D-4E32-B6AB-E2447F1A7AF8}.Release|Any CPU.ActiveCfg = Release|Any CPU
		{E0E4981A-982D-4E32-B6AB-E2447F1A7AF8}.Release|Any CPU.Build.0 = Release|Any CPU
		{6EB76E1B-EACC-47EF-91C8-3F1BCDCDF57F}.Debug|Any CPU.ActiveCfg = Debug|Any CPU
		{6EB76E1B-EACC-47EF-91C8-3F1BCDCDF57F}.Debug|Any CPU.Build.0 = Debug|Any CPU
		{6EB76E1B-EACC-47EF-91C8-3F1BCDCDF57F}.Release|Any CPU.ActiveCfg = Release|Any CPU
		{6EB76E1B-EACC-47EF-91C8-3F1BCDCDF57F}.Release|Any CPU.Build.0 = Release|Any CPU
		{709C64C3-B8B5-4C49-9B52-10451A203773}.Debug|Any CPU.ActiveCfg = Debug|Any CPU
		{709C64C3-B8B5-4C49-9B52-10451A203773}.Debug|Any CPU.Build.0 = Debug|Any CPU
		{709C64C3-B8B5-4C49-9B52-10451A203773}.Release|Any CPU.ActiveCfg = Release|Any CPU
		{709C64C3-B8B5-4C49-9B52-10451A203773}.Release|Any CPU.Build.0 = Release|Any CPU
		{EFF37ED8-2625-4DDE-8F7C-16984597BC3E}.Debug|Any CPU.ActiveCfg = Debug|Any CPU
		{EFF37ED8-2625-4DDE-8F7C-16984597BC3E}.Debug|Any CPU.Build.0 = Debug|Any CPU
		{EFF37ED8-2625-4DDE-8F7C-16984597BC3E}.Release|Any CPU.ActiveCfg = Release|Any CPU
		{EFF37ED8-2625-4DDE-8F7C-16984597BC3E}.Release|Any CPU.Build.0 = Release|Any CPU
		{DF5EF187-34F2-4124-A6CC-AE15472E7F54}.Debug|Any CPU.ActiveCfg = Debug|Any CPU
		{DF5EF187-34F2-4124-A6CC-AE15472E7F54}.Debug|Any CPU.Build.0 = Debug|Any CPU
		{DF5EF187-34F2-4124-A6CC-AE15472E7F54}.Release|Any CPU.ActiveCfg = Release|Any CPU
		{DF5EF187-34F2-4124-A6CC-AE15472E7F54}.Release|Any CPU.Build.0 = Release|Any CPU
		{BFCDD0F1-D9B4-4F00-B774-69662B2959BB}.Debug|Any CPU.ActiveCfg = Debug|Any CPU
		{BFCDD0F1-D9B4-4F00-B774-69662B2959BB}.Debug|Any CPU.Build.0 = Debug|Any CPU
		{BFCDD0F1-D9B4-4F00-B774-69662B2959BB}.Release|Any CPU.ActiveCfg = Release|Any CPU
		{BFCDD0F1-D9B4-4F00-B774-69662B2959BB}.Release|Any CPU.Build.0 = Release|Any CPU
		{EB1B2D34-529A-49C3-9443-2B5A115D8709}.Debug|Any CPU.ActiveCfg = Debug|Any CPU
		{EB1B2D34-529A-49C3-9443-2B5A115D8709}.Debug|Any CPU.Build.0 = Debug|Any CPU
		{EB1B2D34-529A-49C3-9443-2B5A115D8709}.Release|Any CPU.ActiveCfg = Release|Any CPU
		{EB1B2D34-529A-49C3-9443-2B5A115D8709}.Release|Any CPU.Build.0 = Release|Any CPU
		{E455E439-EAC3-4E61-8056-923EDC9368CA}.Debug|Any CPU.ActiveCfg = Debug|Any CPU
		{E455E439-EAC3-4E61-8056-923EDC9368CA}.Debug|Any CPU.Build.0 = Debug|Any CPU
		{E455E439-EAC3-4E61-8056-923EDC9368CA}.Release|Any CPU.ActiveCfg = Release|Any CPU
		{E455E439-EAC3-4E61-8056-923EDC9368CA}.Release|Any CPU.Build.0 = Release|Any CPU
	EndGlobalSection
	GlobalSection(SolutionProperties) = preSolution
		HideSolutionNode = FALSE
	EndGlobalSection
	GlobalSection(NestedProjects) = preSolution
		{DBED0159-EB75-4522-AF23-D2C44176DBCD} = {02EA681E-C7D8-13C7-8484-4AC65E1B71E8}
		{ED1C7EA3-D23B-4012-AFC8-5EC882242008} = {C65F8A9A-A826-499A-B75D-16F3AC003975}
		{B3DF730D-04B8-4531-B595-AA167974838A} = {32554F9B-A313-4A25-8CCA-2880C2050A83}
		{4B2E81F9-2458-4EB7-88FE-2710D3B5C859} = {32554F9B-A313-4A25-8CCA-2880C2050A83}
		{86D151BC-28AB-40D8-AD3A-89302B5169C4} = {32554F9B-A313-4A25-8CCA-2880C2050A83}
		{726530EB-9D41-451F-91EC-60CBCE74CB93} = {B021C44D-7D47-42F2-8638-3413F10452A3}
		{0A8265AC-7045-4F53-B91F-379BF9C5E8A8} = {B021C44D-7D47-42F2-8638-3413F10452A3}
		{13C71414-8CDD-49BA-A412-3F14952D93FC} = {B021C44D-7D47-42F2-8638-3413F10452A3}
		{BD03C7FC-A13A-40F4-99FF-4ED77F0A55B8} = {CFCC1371-7571-4EC4-A7EB-C04075605D42}
		{AFBAEF64-4624-4C65-8E24-25C8ABEBAFD5} = {CFCC1371-7571-4EC4-A7EB-C04075605D42}
		{4FF786EE-3011-4F90-B988-CC61770F6D2C} = {CFCC1371-7571-4EC4-A7EB-C04075605D42}
		{B78FABC1-6D26-4040-9725-9F7C96C41AC6} = {419F6F43-13AC-4D02-B840-69D2AA5A6B9D}
		{E0E4981A-982D-4E32-B6AB-E2447F1A7AF8} = {419F6F43-13AC-4D02-B840-69D2AA5A6B9D}
		{6EB76E1B-EACC-47EF-91C8-3F1BCDCDF57F} = {419F6F43-13AC-4D02-B840-69D2AA5A6B9D}
		{709C64C3-B8B5-4C49-9B52-10451A203773} = {121AE24A-6C2B-455C-8CD8-1D1CAC0BA062}
		{EFF37ED8-2625-4DDE-8F7C-16984597BC3E} = {121AE24A-6C2B-455C-8CD8-1D1CAC0BA062}
		{DF5EF187-34F2-4124-A6CC-AE15472E7F54} = {121AE24A-6C2B-455C-8CD8-1D1CAC0BA062}
		{BFCDD0F1-D9B4-4F00-B774-69662B2959BB} = {7729F08A-5888-4636-9F23-6DB0D9A69EFC}
		{EB1B2D34-529A-49C3-9443-2B5A115D8709} = {7729F08A-5888-4636-9F23-6DB0D9A69EFC}
		{E455E439-EAC3-4E61-8056-923EDC9368CA} = {7729F08A-5888-4636-9F23-6DB0D9A69EFC}
	EndGlobalSection
	GlobalSection(ExtensibilityGlobals) = postSolution
		SolutionGuid = {90ACF5F1-E49B-4AA2-8DF8-074626D73115}
	EndGlobalSection
EndGlobal
